// !$*UTF8*$!
{
	archiveVersion = 1;
	classes = {
	};
	objectVersion = 50;
	objects = {

/* Begin PBXBuildFile section */
		8D457E1CAC4D66771280F8CC /* libPods-SconSample.a in Frameworks */ = {isa = PBXBuildFile; fileRef = DD23A6FF923B8790CD80F147 /* libPods-SconSample.a */; };
		A50C8091212D72B100144082 /* SCLogPlugin.m in Sources */ = {isa = PBXBuildFile; fileRef = A50C8087212D72B100144082 /* SCLogPlugin.m */; };
		A50C8092212D72B100144082 /* SCSocket.m in Sources */ = {isa = PBXBuildFile; fileRef = A50C808B212D72B100144082 /* SCSocket.m */; };
		A50C8093212D72B100144082 /* SCServerInfo.m in Sources */ = {isa = PBXBuildFile; fileRef = A50C808C212D72B100144082 /* SCServerInfo.m */; };
		A50C8094212D72B100144082 /* SCLSocketConnection.m in Sources */ = {isa = PBXBuildFile; fileRef = A50C808D212D72B100144082 /* SCLSocketConnection.m */; };
		A572115A214B786F00039E21 /* SCLServiceInfoView.m in Sources */ = {isa = PBXBuildFile; fileRef = A5721159214B786F00039E21 /* SCLServiceInfoView.m */; };
		A5998D64212D1308001F4427 /* Scon.m in Sources */ = {isa = PBXBuildFile; fileRef = A5998D5A212D1308001F4427 /* Scon.m */; };
		A5998D65212D1308001F4427 /* SconMsgHandler.m in Sources */ = {isa = PBXBuildFile; fileRef = A5998D5E212D1308001F4427 /* SconMsgHandler.m */; };
		A5998D66212D1308001F4427 /* SconConnection.m in Sources */ = {isa = PBXBuildFile; fileRef = A5998D60212D1308001F4427 /* SconConnection.m */; };
		A5998D67212D1308001F4427 /* SconMsg.m in Sources */ = {isa = PBXBuildFile; fileRef = A5998D61212D1308001F4427 /* SconMsg.m */; };
		A5A78A32214B8E8300CCD446 /* bounjur.bundle in Resources */ = {isa = PBXBuildFile; fileRef = A5A78A31214B8E8300CCD446 /* bounjur.bundle */; };
		A5C8C266210AC36600A6CA18 /* AppDelegate.m in Sources */ = {isa = PBXBuildFile; fileRef = A5C8C265210AC36600A6CA18 /* AppDelegate.m */; };
		A5C8C269210AC36600A6CA18 /* ViewController.m in Sources */ = {isa = PBXBuildFile; fileRef = A5C8C268210AC36600A6CA18 /* ViewController.m */; };
		A5C8C26C210AC36600A6CA18 /* Main.storyboard in Resources */ = {isa = PBXBuildFile; fileRef = A5C8C26A210AC36600A6CA18 /* Main.storyboard */; };
		A5C8C26E210AC36700A6CA18 /* Assets.xcassets in Resources */ = {isa = PBXBuildFile; fileRef = A5C8C26D210AC36700A6CA18 /* Assets.xcassets */; };
		A5C8C271210AC36700A6CA18 /* LaunchScreen.storyboard in Resources */ = {isa = PBXBuildFile; fileRef = A5C8C26F210AC36700A6CA18 /* LaunchScreen.storyboard */; };
		A5C8C274210AC36700A6CA18 /* main.m in Sources */ = {isa = PBXBuildFile; fileRef = A5C8C273210AC36700A6CA18 /* main.m */; };
		A5C8C27E210AC36700A6CA18 /* SconSampleTests.m in Sources */ = {isa = PBXBuildFile; fileRef = A5C8C27D210AC36700A6CA18 /* SconSampleTests.m */; };
		A5C8C289210AC36700A6CA18 /* SconSampleUITests.m in Sources */ = {isa = PBXBuildFile; fileRef = A5C8C288210AC36700A6CA18 /* SconSampleUITests.m */; };
/* End PBXBuildFile section */

/* Begin PBXContainerItemProxy section */
		A5C8C27A210AC36700A6CA18 /* PBXContainerItemProxy */ = {
			isa = PBXContainerItemProxy;
			containerPortal = A5C8C259210AC36600A6CA18 /* Project object */;
			proxyType = 1;
			remoteGlobalIDString = A5C8C260210AC36600A6CA18;
			remoteInfo = SconSample;
		};
		A5C8C285210AC36700A6CA18 /* PBXContainerItemProxy */ = {
			isa = PBXContainerItemProxy;
			containerPortal = A5C8C259210AC36600A6CA18 /* Project object */;
			proxyType = 1;
			remoteGlobalIDString = A5C8C260210AC36600A6CA18;
			remoteInfo = SconSample;
		};
/* End PBXContainerItemProxy section */

/* Begin PBXFileReference section */
		609F53F1B26A1BE826B1CBE0 /* Pods-SconSample.release.xcconfig */ = {isa = PBXFileReference; includeInIndex = 1; lastKnownFileType = text.xcconfig; name = "Pods-SconSample.release.xcconfig"; path = "Pods/Target Support Files/Pods-SconSample/Pods-SconSample.release.xcconfig"; sourceTree = "<group>"; };
		62214EA133AB8EFAA5263D54 /* Pods-SconSample.debug.xcconfig */ = {isa = PBXFileReference; includeInIndex = 1; lastKnownFileType = text.xcconfig; name = "Pods-SconSample.debug.xcconfig"; path = "Pods/Target Support Files/Pods-SconSample/Pods-SconSample.debug.xcconfig"; sourceTree = "<group>"; };
		A50C8083212D72B100144082 /* SconKit.h */ = {isa = PBXFileReference; fileEncoding = 4; lastKnownFileType = sourcecode.c.h; path = SconKit.h; sourceTree = "<group>"; };
		A50C8086212D72B100144082 /* SCLogPlugin.h */ = {isa = PBXFileReference; fileEncoding = 4; lastKnownFileType = sourcecode.c.h; path = SCLogPlugin.h; sourceTree = "<group>"; };
		A50C8087212D72B100144082 /* SCLogPlugin.m */ = {isa = PBXFileReference; fileEncoding = 4; lastKnownFileType = sourcecode.c.objc; path = SCLogPlugin.m; sourceTree = "<group>"; };
		A50C8089212D72B100144082 /* SCLSocketConnection.h */ = {isa = PBXFileReference; fileEncoding = 4; lastKnownFileType = sourcecode.c.h; path = SCLSocketConnection.h; sourceTree = "<group>"; };
		A50C808A212D72B100144082 /* SCSocketConfig.h */ = {isa = PBXFileReference; fileEncoding = 4; lastKnownFileType = sourcecode.c.h; path = SCSocketConfig.h; sourceTree = "<group>"; };
		A50C808B212D72B100144082 /* SCSocket.m */ = {isa = PBXFileReference; fileEncoding = 4; lastKnownFileType = sourcecode.c.objc; path = SCSocket.m; sourceTree = "<group>"; };
		A50C808C212D72B100144082 /* SCServerInfo.m */ = {isa = PBXFileReference; fileEncoding = 4; lastKnownFileType = sourcecode.c.objc; path = SCServerInfo.m; sourceTree = "<group>"; };
		A50C808D212D72B100144082 /* SCLSocketConnection.m */ = {isa = PBXFileReference; fileEncoding = 4; lastKnownFileType = sourcecode.c.objc; path = SCLSocketConnection.m; sourceTree = "<group>"; };
		A50C808E212D72B100144082 /* SCSocket.h */ = {isa = PBXFileReference; fileEncoding = 4; lastKnownFileType = sourcecode.c.h; path = SCSocket.h; sourceTree = "<group>"; };
		A50C808F212D72B100144082 /* SCServerInfo.h */ = {isa = PBXFileReference; fileEncoding = 4; lastKnownFileType = sourcecode.c.h; path = SCServerInfo.h; sourceTree = "<group>"; };
		A5721158214B786F00039E21 /* SCLServiceInfoView.h */ = {isa = PBXFileReference; lastKnownFileType = sourcecode.c.h; path = SCLServiceInfoView.h; sourceTree = "<group>"; };
		A5721159214B786F00039E21 /* SCLServiceInfoView.m */ = {isa = PBXFileReference; lastKnownFileType = sourcecode.c.objc; path = SCLServiceInfoView.m; sourceTree = "<group>"; };
		A5998D58212D1308001F4427 /* SconPluginProtocol.h */ = {isa = PBXFileReference; fileEncoding = 4; lastKnownFileType = sourcecode.c.h; path = SconPluginProtocol.h; sourceTree = "<group>"; };
		A5998D5A212D1308001F4427 /* Scon.m */ = {isa = PBXFileReference; fileEncoding = 4; lastKnownFileType = sourcecode.c.objc; path = Scon.m; sourceTree = "<group>"; };
		A5998D5B212D1308001F4427 /* SconMsgHandler.h */ = {isa = PBXFileReference; fileEncoding = 4; lastKnownFileType = sourcecode.c.h; path = SconMsgHandler.h; sourceTree = "<group>"; };
		A5998D5C212D1308001F4427 /* SconMsg.h */ = {isa = PBXFileReference; fileEncoding = 4; lastKnownFileType = sourcecode.c.h; path = SconMsg.h; sourceTree = "<group>"; };
		A5998D5D212D1308001F4427 /* SconConnection.h */ = {isa = PBXFileReference; fileEncoding = 4; lastKnownFileType = sourcecode.c.h; path = SconConnection.h; sourceTree = "<group>"; };
		A5998D5E212D1308001F4427 /* SconMsgHandler.m */ = {isa = PBXFileReference; fileEncoding = 4; lastKnownFileType = sourcecode.c.objc; path = SconMsgHandler.m; sourceTree = "<group>"; };
		A5998D5F212D1308001F4427 /* Scon.h */ = {isa = PBXFileReference; fileEncoding = 4; lastKnownFileType = sourcecode.c.h; path = Scon.h; sourceTree = "<group>"; };
		A5998D60212D1308001F4427 /* SconConnection.m */ = {isa = PBXFileReference; fileEncoding = 4; lastKnownFileType = sourcecode.c.objc; path = SconConnection.m; sourceTree = "<group>"; };
		A5998D61212D1308001F4427 /* SconMsg.m */ = {isa = PBXFileReference; fileEncoding = 4; lastKnownFileType = sourcecode.c.objc; path = SconMsg.m; sourceTree = "<group>"; };
		A5A78A31214B8E8300CCD446 /* bounjur.bundle */ = {isa = PBXFileReference; lastKnownFileType = "wrapper.plug-in"; path = bounjur.bundle; sourceTree = "<group>"; };
		A5C8C261210AC36600A6CA18 /* SconSample.app */ = {isa = PBXFileReference; explicitFileType = wrapper.application; includeInIndex = 0; path = SconSample.app; sourceTree = BUILT_PRODUCTS_DIR; };
		A5C8C264210AC36600A6CA18 /* AppDelegate.h */ = {isa = PBXFileReference; lastKnownFileType = sourcecode.c.h; path = AppDelegate.h; sourceTree = "<group>"; };
		A5C8C265210AC36600A6CA18 /* AppDelegate.m */ = {isa = PBXFileReference; lastKnownFileType = sourcecode.c.objc; path = AppDelegate.m; sourceTree = "<group>"; };
		A5C8C267210AC36600A6CA18 /* ViewController.h */ = {isa = PBXFileReference; lastKnownFileType = sourcecode.c.h; path = ViewController.h; sourceTree = "<group>"; };
		A5C8C268210AC36600A6CA18 /* ViewController.m */ = {isa = PBXFileReference; lastKnownFileType = sourcecode.c.objc; path = ViewController.m; sourceTree = "<group>"; };
		A5C8C26B210AC36600A6CA18 /* Base */ = {isa = PBXFileReference; lastKnownFileType = file.storyboard; name = Base; path = Base.lproj/Main.storyboard; sourceTree = "<group>"; };
		A5C8C26D210AC36700A6CA18 /* Assets.xcassets */ = {isa = PBXFileReference; lastKnownFileType = folder.assetcatalog; path = Assets.xcassets; sourceTree = "<group>"; };
		A5C8C270210AC36700A6CA18 /* Base */ = {isa = PBXFileReference; lastKnownFileType = file.storyboard; name = Base; path = Base.lproj/LaunchScreen.storyboard; sourceTree = "<group>"; };
		A5C8C272210AC36700A6CA18 /* Info.plist */ = {isa = PBXFileReference; lastKnownFileType = text.plist.xml; path = Info.plist; sourceTree = "<group>"; };
		A5C8C273210AC36700A6CA18 /* main.m */ = {isa = PBXFileReference; lastKnownFileType = sourcecode.c.objc; path = main.m; sourceTree = "<group>"; };
		A5C8C279210AC36700A6CA18 /* SconSampleTests.xctest */ = {isa = PBXFileReference; explicitFileType = wrapper.cfbundle; includeInIndex = 0; path = SconSampleTests.xctest; sourceTree = BUILT_PRODUCTS_DIR; };
		A5C8C27D210AC36700A6CA18 /* SconSampleTests.m */ = {isa = PBXFileReference; lastKnownFileType = sourcecode.c.objc; path = SconSampleTests.m; sourceTree = "<group>"; };
		A5C8C27F210AC36700A6CA18 /* Info.plist */ = {isa = PBXFileReference; lastKnownFileType = text.plist.xml; path = Info.plist; sourceTree = "<group>"; };
		A5C8C284210AC36700A6CA18 /* SconSampleUITests.xctest */ = {isa = PBXFileReference; explicitFileType = wrapper.cfbundle; includeInIndex = 0; path = SconSampleUITests.xctest; sourceTree = BUILT_PRODUCTS_DIR; };
		A5C8C288210AC36700A6CA18 /* SconSampleUITests.m */ = {isa = PBXFileReference; lastKnownFileType = sourcecode.c.objc; path = SconSampleUITests.m; sourceTree = "<group>"; };
		A5C8C28A210AC36700A6CA18 /* Info.plist */ = {isa = PBXFileReference; lastKnownFileType = text.plist.xml; path = Info.plist; sourceTree = "<group>"; };
		DD23A6FF923B8790CD80F147 /* libPods-SconSample.a */ = {isa = PBXFileReference; explicitFileType = archive.ar; includeInIndex = 0; path = "libPods-SconSample.a"; sourceTree = BUILT_PRODUCTS_DIR; };
/* End PBXFileReference section */

/* Begin PBXFrameworksBuildPhase section */
		A5C8C25E210AC36600A6CA18 /* Frameworks */ = {
			isa = PBXFrameworksBuildPhase;
			buildActionMask = 2147483647;
			files = (
				8D457E1CAC4D66771280F8CC /* libPods-SconSample.a in Frameworks */,
			);
			runOnlyForDeploymentPostprocessing = 0;
		};
		A5C8C276210AC36700A6CA18 /* Frameworks */ = {
			isa = PBXFrameworksBuildPhase;
			buildActionMask = 2147483647;
			files = (
			);
			runOnlyForDeploymentPostprocessing = 0;
		};
		A5C8C281210AC36700A6CA18 /* Frameworks */ = {
			isa = PBXFrameworksBuildPhase;
			buildActionMask = 2147483647;
			files = (
			);
			runOnlyForDeploymentPostprocessing = 0;
		};
/* End PBXFrameworksBuildPhase section */

/* Begin PBXGroup section */
		0CA49CEFCA87D8139638E65A /* Frameworks */ = {
			isa = PBXGroup;
			children = (
				DD23A6FF923B8790CD80F147 /* libPods-SconSample.a */,
			);
			name = Frameworks;
			sourceTree = "<group>";
		};
		A50C8082212D72B100144082 /* Src */ = {
			isa = PBXGroup;
			children = (
				A50C8083212D72B100144082 /* SconKit.h */,
				A50C8084212D72B100144082 /* Plugin */,
				A50C8088212D72B100144082 /* Bonjour */,
			);
			name = Src;
			path = ../../../Src/SconKit/Src;
			sourceTree = "<group>";
		};
		A50C8084212D72B100144082 /* Plugin */ = {
			isa = PBXGroup;
			children = (
				A50C8085212D72B100144082 /* Log */,
			);
			path = Plugin;
			sourceTree = "<group>";
		};
		A50C8085212D72B100144082 /* Log */ = {
			isa = PBXGroup;
			children = (
				A50C8086212D72B100144082 /* SCLogPlugin.h */,
				A50C8087212D72B100144082 /* SCLogPlugin.m */,
			);
			path = Log;
			sourceTree = "<group>";
		};
		A50C8088212D72B100144082 /* Bonjour */ = {
			isa = PBXGroup;
			children = (
				A50C8089212D72B100144082 /* SCLSocketConnection.h */,
				A50C808A212D72B100144082 /* SCSocketConfig.h */,
				A50C808B212D72B100144082 /* SCSocket.m */,
				A50C808C212D72B100144082 /* SCServerInfo.m */,
				A50C808D212D72B100144082 /* SCLSocketConnection.m */,
				A50C808E212D72B100144082 /* SCSocket.h */,
				A50C808F212D72B100144082 /* SCServerInfo.h */,
				A5721158214B786F00039E21 /* SCLServiceInfoView.h */,
				A5721159214B786F00039E21 /* SCLServiceInfoView.m */,
				A5A78A31214B8E8300CCD446 /* bounjur.bundle */,
			);
			path = Bonjour;
			sourceTree = "<group>";
		};
		A5998D57212D1308001F4427 /* Src */ = {
			isa = PBXGroup;
			children = (
				A5998D58212D1308001F4427 /* SconPluginProtocol.h */,
				A5998D5A212D1308001F4427 /* Scon.m */,
				A5998D5B212D1308001F4427 /* SconMsgHandler.h */,
				A5998D5C212D1308001F4427 /* SconMsg.h */,
				A5998D5D212D1308001F4427 /* SconConnection.h */,
				A5998D5E212D1308001F4427 /* SconMsgHandler.m */,
				A5998D5F212D1308001F4427 /* Scon.h */,
				A5998D60212D1308001F4427 /* SconConnection.m */,
				A5998D61212D1308001F4427 /* SconMsg.m */,
			);
			name = Src;
			path = ../../../Src/Scon/Src;
			sourceTree = "<group>";
		};
		A5C8C258210AC36600A6CA18 = {
			isa = PBXGroup;
			children = (
				A5C8C263210AC36600A6CA18 /* SconSample */,
				A5C8C27C210AC36700A6CA18 /* SconSampleTests */,
				A5C8C287210AC36700A6CA18 /* SconSampleUITests */,
				A5C8C262210AC36600A6CA18 /* Products */,
				EBF512A9475D5FA78085719E /* Pods */,
				0CA49CEFCA87D8139638E65A /* Frameworks */,
			);
			sourceTree = "<group>";
		};
		A5C8C262210AC36600A6CA18 /* Products */ = {
			isa = PBXGroup;
			children = (
				A5C8C261210AC36600A6CA18 /* SconSample.app */,
				A5C8C279210AC36700A6CA18 /* SconSampleTests.xctest */,
				A5C8C284210AC36700A6CA18 /* SconSampleUITests.xctest */,
			);
			name = Products;
			sourceTree = "<group>";
		};
		A5C8C263210AC36600A6CA18 /* SconSample */ = {
			isa = PBXGroup;
			children = (
				A5998D57212D1308001F4427 /* Src */,
				A50C8082212D72B100144082 /* Src */,
				A5C8C264210AC36600A6CA18 /* AppDelegate.h */,
				A5C8C265210AC36600A6CA18 /* AppDelegate.m */,
				A5C8C267210AC36600A6CA18 /* ViewController.h */,
				A5C8C268210AC36600A6CA18 /* ViewController.m */,
				A5C8C26A210AC36600A6CA18 /* Main.storyboard */,
				A5C8C26D210AC36700A6CA18 /* Assets.xcassets */,
				A5C8C26F210AC36700A6CA18 /* LaunchScreen.storyboard */,
				A5C8C272210AC36700A6CA18 /* Info.plist */,
				A5C8C273210AC36700A6CA18 /* main.m */,
			);
			path = SconSample;
			sourceTree = "<group>";
		};
		A5C8C27C210AC36700A6CA18 /* SconSampleTests */ = {
			isa = PBXGroup;
			children = (
				A5C8C27D210AC36700A6CA18 /* SconSampleTests.m */,
				A5C8C27F210AC36700A6CA18 /* Info.plist */,
			);
			path = SconSampleTests;
			sourceTree = "<group>";
		};
		A5C8C287210AC36700A6CA18 /* SconSampleUITests */ = {
			isa = PBXGroup;
			children = (
				A5C8C288210AC36700A6CA18 /* SconSampleUITests.m */,
				A5C8C28A210AC36700A6CA18 /* Info.plist */,
			);
			path = SconSampleUITests;
			sourceTree = "<group>";
		};
		EBF512A9475D5FA78085719E /* Pods */ = {
			isa = PBXGroup;
			children = (
				62214EA133AB8EFAA5263D54 /* Pods-SconSample.debug.xcconfig */,
				609F53F1B26A1BE826B1CBE0 /* Pods-SconSample.release.xcconfig */,
			);
			name = Pods;
			sourceTree = "<group>";
		};
/* End PBXGroup section */

/* Begin PBXNativeTarget section */
		A5C8C260210AC36600A6CA18 /* SconSample */ = {
			isa = PBXNativeTarget;
			buildConfigurationList = A5C8C28D210AC36700A6CA18 /* Build configuration list for PBXNativeTarget "SconSample" */;
			buildPhases = (
				BF3A414B70D15E06FB30B219 /* [CP] Check Pods Manifest.lock */,
				A5C8C25D210AC36600A6CA18 /* Sources */,
				A5C8C25E210AC36600A6CA18 /* Frameworks */,
				A5C8C25F210AC36600A6CA18 /* Resources */,
			);
			buildRules = (
			);
			dependencies = (
			);
			name = SconSample;
			productName = SconSample;
			productReference = A5C8C261210AC36600A6CA18 /* SconSample.app */;
			productType = "com.apple.product-type.application";
		};
		A5C8C278210AC36700A6CA18 /* SconSampleTests */ = {
			isa = PBXNativeTarget;
			buildConfigurationList = A5C8C290210AC36700A6CA18 /* Build configuration list for PBXNativeTarget "SconSampleTests" */;
			buildPhases = (
				A5C8C275210AC36700A6CA18 /* Sources */,
				A5C8C276210AC36700A6CA18 /* Frameworks */,
				A5C8C277210AC36700A6CA18 /* Resources */,
			);
			buildRules = (
			);
			dependencies = (
				A5C8C27B210AC36700A6CA18 /* PBXTargetDependency */,
			);
			name = SconSampleTests;
			productName = SconSampleTests;
			productReference = A5C8C279210AC36700A6CA18 /* SconSampleTests.xctest */;
			productType = "com.apple.product-type.bundle.unit-test";
		};
		A5C8C283210AC36700A6CA18 /* SconSampleUITests */ = {
			isa = PBXNativeTarget;
			buildConfigurationList = A5C8C293210AC36700A6CA18 /* Build configuration list for PBXNativeTarget "SconSampleUITests" */;
			buildPhases = (
				A5C8C280210AC36700A6CA18 /* Sources */,
				A5C8C281210AC36700A6CA18 /* Frameworks */,
				A5C8C282210AC36700A6CA18 /* Resources */,
			);
			buildRules = (
			);
			dependencies = (
				A5C8C286210AC36700A6CA18 /* PBXTargetDependency */,
			);
			name = SconSampleUITests;
			productName = SconSampleUITests;
			productReference = A5C8C284210AC36700A6CA18 /* SconSampleUITests.xctest */;
			productType = "com.apple.product-type.bundle.ui-testing";
		};
/* End PBXNativeTarget section */

/* Begin PBXProject section */
		A5C8C259210AC36600A6CA18 /* Project object */ = {
			isa = PBXProject;
			attributes = {
				LastUpgradeCheck = 0940;
				ORGANIZATIONNAME = gezhixin;
				TargetAttributes = {
					A5C8C260210AC36600A6CA18 = {
						CreatedOnToolsVersion = 9.4.1;
					};
					A5C8C278210AC36700A6CA18 = {
						CreatedOnToolsVersion = 9.4.1;
						TestTargetID = A5C8C260210AC36600A6CA18;
					};
					A5C8C283210AC36700A6CA18 = {
						CreatedOnToolsVersion = 9.4.1;
						TestTargetID = A5C8C260210AC36600A6CA18;
					};
				};
			};
			buildConfigurationList = A5C8C25C210AC36600A6CA18 /* Build configuration list for PBXProject "SconSample" */;
			compatibilityVersion = "Xcode 9.3";
			developmentRegion = en;
			hasScannedForEncodings = 0;
			knownRegions = (
				en,
				Base,
			);
			mainGroup = A5C8C258210AC36600A6CA18;
			productRefGroup = A5C8C262210AC36600A6CA18 /* Products */;
			projectDirPath = "";
			projectRoot = "";
			targets = (
				A5C8C260210AC36600A6CA18 /* SconSample */,
				A5C8C278210AC36700A6CA18 /* SconSampleTests */,
				A5C8C283210AC36700A6CA18 /* SconSampleUITests */,
			);
		};
/* End PBXProject section */

/* Begin PBXResourcesBuildPhase section */
		A5C8C25F210AC36600A6CA18 /* Resources */ = {
			isa = PBXResourcesBuildPhase;
			buildActionMask = 2147483647;
			files = (
				A5C8C271210AC36700A6CA18 /* LaunchScreen.storyboard in Resources */,
				A5C8C26E210AC36700A6CA18 /* Assets.xcassets in Resources */,
				A5C8C26C210AC36600A6CA18 /* Main.storyboard in Resources */,
				A5A78A32214B8E8300CCD446 /* bounjur.bundle in Resources */,
			);
			runOnlyForDeploymentPostprocessing = 0;
		};
		A5C8C277210AC36700A6CA18 /* Resources */ = {
			isa = PBXResourcesBuildPhase;
			buildActionMask = 2147483647;
			files = (
			);
			runOnlyForDeploymentPostprocessing = 0;
		};
		A5C8C282210AC36700A6CA18 /* Resources */ = {
			isa = PBXResourcesBuildPhase;
			buildActionMask = 2147483647;
			files = (
			);
			runOnlyForDeploymentPostprocessing = 0;
		};
/* End PBXResourcesBuildPhase section */

/* Begin PBXShellScriptBuildPhase section */
		BF3A414B70D15E06FB30B219 /* [CP] Check Pods Manifest.lock */ = {
			isa = PBXShellScriptBuildPhase;
			buildActionMask = 2147483647;
			files = (
			);
			inputPaths = (
				"${PODS_PODFILE_DIR_PATH}/Podfile.lock",
				"${PODS_ROOT}/Manifest.lock",
			);
			name = "[CP] Check Pods Manifest.lock";
			outputPaths = (
				"$(DERIVED_FILE_DIR)/Pods-SconSample-checkManifestLockResult.txt",
			);
			runOnlyForDeploymentPostprocessing = 0;
			shellPath = /bin/sh;
			shellScript = "diff \"${PODS_PODFILE_DIR_PATH}/Podfile.lock\" \"${PODS_ROOT}/Manifest.lock\" > /dev/null\nif [ $? != 0 ] ; then\n    # print error to STDERR\n    echo \"error: The sandbox is not in sync with the Podfile.lock. Run 'pod install' or update your CocoaPods installation.\" >&2\n    exit 1\nfi\n# This output is used by Xcode 'outputs' to avoid re-running this script phase.\necho \"SUCCESS\" > \"${SCRIPT_OUTPUT_FILE_0}\"\n";
			showEnvVarsInLog = 0;
		};
/* End PBXShellScriptBuildPhase section */

/* Begin PBXSourcesBuildPhase section */
		A5C8C25D210AC36600A6CA18 /* Sources */ = {
			isa = PBXSourcesBuildPhase;
			buildActionMask = 2147483647;
			files = (
				A50C8093212D72B100144082 /* SCServerInfo.m in Sources */,
				A5998D64212D1308001F4427 /* Scon.m in Sources */,
				A5C8C269210AC36600A6CA18 /* ViewController.m in Sources */,
				A5998D66212D1308001F4427 /* SconConnection.m in Sources */,
				A5C8C274210AC36700A6CA18 /* main.m in Sources */,
				A5C8C266210AC36600A6CA18 /* AppDelegate.m in Sources */,
				A5998D67212D1308001F4427 /* SconMsg.m in Sources */,
				A5998D65212D1308001F4427 /* SconMsgHandler.m in Sources */,
				A50C8094212D72B100144082 /* SCLSocketConnection.m in Sources */,
				A50C8091212D72B100144082 /* SCLogPlugin.m in Sources */,
				A50C8092212D72B100144082 /* SCSocket.m in Sources */,
				A572115A214B786F00039E21 /* SCLServiceInfoView.m in Sources */,
			);
			runOnlyForDeploymentPostprocessing = 0;
		};
		A5C8C275210AC36700A6CA18 /* Sources */ = {
			isa = PBXSourcesBuildPhase;
			buildActionMask = 2147483647;
			files = (
				A5C8C27E210AC36700A6CA18 /* SconSampleTests.m in Sources */,
			);
			runOnlyForDeploymentPostprocessing = 0;
		};
		A5C8C280210AC36700A6CA18 /* Sources */ = {
			isa = PBXSourcesBuildPhase;
			buildActionMask = 2147483647;
			files = (
				A5C8C289210AC36700A6CA18 /* SconSampleUITests.m in Sources */,
			);
			runOnlyForDeploymentPostprocessing = 0;
		};
/* End PBXSourcesBuildPhase section */

/* Begin PBXTargetDependency section */
		A5C8C27B210AC36700A6CA18 /* PBXTargetDependency */ = {
			isa = PBXTargetDependency;
			target = A5C8C260210AC36600A6CA18 /* SconSample */;
			targetProxy = A5C8C27A210AC36700A6CA18 /* PBXContainerItemProxy */;
		};
		A5C8C286210AC36700A6CA18 /* PBXTargetDependency */ = {
			isa = PBXTargetDependency;
			target = A5C8C260210AC36600A6CA18 /* SconSample */;
			targetProxy = A5C8C285210AC36700A6CA18 /* PBXContainerItemProxy */;
		};
/* End PBXTargetDependency section */

/* Begin PBXVariantGroup section */
		A5C8C26A210AC36600A6CA18 /* Main.storyboard */ = {
			isa = PBXVariantGroup;
			children = (
				A5C8C26B210AC36600A6CA18 /* Base */,
			);
			name = Main.storyboard;
			sourceTree = "<group>";
		};
		A5C8C26F210AC36700A6CA18 /* LaunchScreen.storyboard */ = {
			isa = PBXVariantGroup;
			children = (
				A5C8C270210AC36700A6CA18 /* Base */,
			);
			name = LaunchScreen.storyboard;
			sourceTree = "<group>";
		};
/* End PBXVariantGroup section */

/* Begin XCBuildConfiguration section */
		A5C8C28B210AC36700A6CA18 /* Debug */ = {
			isa = XCBuildConfiguration;
			buildSettings = {
				ALWAYS_SEARCH_USER_PATHS = NO;
				CLANG_ANALYZER_NONNULL = YES;
				CLANG_ANALYZER_NUMBER_OBJECT_CONVERSION = YES_AGGRESSIVE;
				CLANG_CXX_LANGUAGE_STANDARD = "gnu++14";
				CLANG_CXX_LIBRARY = "libc++";
				CLANG_ENABLE_MODULES = YES;
				CLANG_ENABLE_OBJC_ARC = YES;
				CLANG_ENABLE_OBJC_WEAK = YES;
				CLANG_WARN_BLOCK_CAPTURE_AUTORELEASING = YES;
				CLANG_WARN_BOOL_CONVERSION = YES;
				CLANG_WARN_COMMA = YES;
				CLANG_WARN_CONSTANT_CONVERSION = YES;
				CLANG_WARN_DEPRECATED_OBJC_IMPLEMENTATIONS = YES;
				CLANG_WARN_DIRECT_OBJC_ISA_USAGE = YES_ERROR;
				CLANG_WARN_DOCUMENTATION_COMMENTS = YES;
				CLANG_WARN_EMPTY_BODY = YES;
				CLANG_WARN_ENUM_CONVERSION = YES;
				CLANG_WARN_INFINITE_RECURSION = YES;
				CLANG_WARN_INT_CONVERSION = YES;
				CLANG_WARN_NON_LITERAL_NULL_CONVERSION = YES;
				CLANG_WARN_OBJC_IMPLICIT_RETAIN_SELF = YES;
				CLANG_WARN_OBJC_LITERAL_CONVERSION = YES;
				CLANG_WARN_OBJC_ROOT_CLASS = YES_ERROR;
				CLANG_WARN_RANGE_LOOP_ANALYSIS = YES;
				CLANG_WARN_STRICT_PROTOTYPES = YES;
				CLANG_WARN_SUSPICIOUS_MOVE = YES;
				CLANG_WARN_UNGUARDED_AVAILABILITY = YES_AGGRESSIVE;
				CLANG_WARN_UNREACHABLE_CODE = YES;
				CLANG_WARN__DUPLICATE_METHOD_MATCH = YES;
				CODE_SIGN_IDENTITY = "iPhone Developer";
				COPY_PHASE_STRIP = NO;
				DEBUG_INFORMATION_FORMAT = dwarf;
				ENABLE_STRICT_OBJC_MSGSEND = YES;
				ENABLE_TESTABILITY = YES;
				GCC_C_LANGUAGE_STANDARD = gnu11;
				GCC_DYNAMIC_NO_PIC = NO;
				GCC_NO_COMMON_BLOCKS = YES;
				GCC_OPTIMIZATION_LEVEL = 0;
				GCC_PREPROCESSOR_DEFINITIONS = (
					"DEBUG=1",
					"$(inherited)",
				);
				GCC_WARN_64_TO_32_BIT_CONVERSION = YES;
				GCC_WARN_ABOUT_RETURN_TYPE = YES_ERROR;
				GCC_WARN_UNDECLARED_SELECTOR = YES;
				GCC_WARN_UNINITIALIZED_AUTOS = YES_AGGRESSIVE;
				GCC_WARN_UNUSED_FUNCTION = YES;
				GCC_WARN_UNUSED_VARIABLE = YES;
				IPHONEOS_DEPLOYMENT_TARGET = 11.4;
				MTL_ENABLE_DEBUG_INFO = YES;
				ONLY_ACTIVE_ARCH = YES;
				SDKROOT = iphoneos;
			};
			name = Debug;
		};
		A5C8C28C210AC36700A6CA18 /* Release */ = {
			isa = XCBuildConfiguration;
			buildSettings = {
				ALWAYS_SEARCH_USER_PATHS = NO;
				CLANG_ANALYZER_NONNULL = YES;
				CLANG_ANALYZER_NUMBER_OBJECT_CONVERSION = YES_AGGRESSIVE;
				CLANG_CXX_LANGUAGE_STANDARD = "gnu++14";
				CLANG_CXX_LIBRARY = "libc++";
				CLANG_ENABLE_MODULES = YES;
				CLANG_ENABLE_OBJC_ARC = YES;
				CLANG_ENABLE_OBJC_WEAK = YES;
				CLANG_WARN_BLOCK_CAPTURE_AUTORELEASING = YES;
				CLANG_WARN_BOOL_CONVERSION = YES;
				CLANG_WARN_COMMA = YES;
				CLANG_WARN_CONSTANT_CONVERSION = YES;
				CLANG_WARN_DEPRECATED_OBJC_IMPLEMENTATIONS = YES;
				CLANG_WARN_DIRECT_OBJC_ISA_USAGE = YES_ERROR;
				CLANG_WARN_DOCUMENTATION_COMMENTS = YES;
				CLANG_WARN_EMPTY_BODY = YES;
				CLANG_WARN_ENUM_CONVERSION = YES;
				CLANG_WARN_INFINITE_RECURSION = YES;
				CLANG_WARN_INT_CONVERSION = YES;
				CLANG_WARN_NON_LITERAL_NULL_CONVERSION = YES;
				CLANG_WARN_OBJC_IMPLICIT_RETAIN_SELF = YES;
				CLANG_WARN_OBJC_LITERAL_CONVERSION = YES;
				CLANG_WARN_OBJC_ROOT_CLASS = YES_ERROR;
				CLANG_WARN_RANGE_LOOP_ANALYSIS = YES;
				CLANG_WARN_STRICT_PROTOTYPES = YES;
				CLANG_WARN_SUSPICIOUS_MOVE = YES;
				CLANG_WARN_UNGUARDED_AVAILABILITY = YES_AGGRESSIVE;
				CLANG_WARN_UNREACHABLE_CODE = YES;
				CLANG_WARN__DUPLICATE_METHOD_MATCH = YES;
				CODE_SIGN_IDENTITY = "iPhone Developer";
				COPY_PHASE_STRIP = NO;
				DEBUG_INFORMATION_FORMAT = "dwarf-with-dsym";
				ENABLE_NS_ASSERTIONS = NO;
				ENABLE_STRICT_OBJC_MSGSEND = YES;
				GCC_C_LANGUAGE_STANDARD = gnu11;
				GCC_NO_COMMON_BLOCKS = YES;
				GCC_WARN_64_TO_32_BIT_CONVERSION = YES;
				GCC_WARN_ABOUT_RETURN_TYPE = YES_ERROR;
				GCC_WARN_UNDECLARED_SELECTOR = YES;
				GCC_WARN_UNINITIALIZED_AUTOS = YES_AGGRESSIVE;
				GCC_WARN_UNUSED_FUNCTION = YES;
				GCC_WARN_UNUSED_VARIABLE = YES;
				IPHONEOS_DEPLOYMENT_TARGET = 11.4;
				MTL_ENABLE_DEBUG_INFO = NO;
				SDKROOT = iphoneos;
				VALIDATE_PRODUCT = YES;
			};
			name = Release;
		};
		A5C8C28E210AC36700A6CA18 /* Debug */ = {
			isa = XCBuildConfiguration;
			baseConfigurationReference = 62214EA133AB8EFAA5263D54 /* Pods-SconSample.debug.xcconfig */;
			buildSettings = {
				ASSETCATALOG_COMPILER_APPICON_NAME = AppIcon;
				CODE_SIGN_IDENTITY = "iPhone Developer";
				CODE_SIGN_STYLE = Automatic;
				DEVELOPMENT_TEAM = 3U9774CM68;
				ENABLE_BITCODE = NO;
				INFOPLIST_FILE = SconSample/Info.plist;
				LD_RUNPATH_SEARCH_PATHS = (
					"$(inherited)",
					"@executable_path/Frameworks",
				);
				PRODUCT_BUNDLE_IDENTIFIER = aaron.ge.com.SconSample;
				PRODUCT_NAME = "$(TARGET_NAME)";
				PROVISIONING_PROFILE_SPECIFIER = "";
				TARGETED_DEVICE_FAMILY = "1,2";
			};
			name = Debug;
		};
		A5C8C28F210AC36700A6CA18 /* Release */ = {
			isa = XCBuildConfiguration;
			baseConfigurationReference = 609F53F1B26A1BE826B1CBE0 /* Pods-SconSample.release.xcconfig */;
			buildSettings = {
				ASSETCATALOG_COMPILER_APPICON_NAME = AppIcon;
				CODE_SIGN_IDENTITY = "iPhone Developer";
				CODE_SIGN_STYLE = Automatic;
				DEVELOPMENT_TEAM = 3U9774CM68;
				ENABLE_BITCODE = NO;
				INFOPLIST_FILE = SconSample/Info.plist;
				LD_RUNPATH_SEARCH_PATHS = (
					"$(inherited)",
					"@executable_path/Frameworks",
				);
				PRODUCT_BUNDLE_IDENTIFIER = aaron.ge.com.SconSample;
				PRODUCT_NAME = "$(TARGET_NAME)";
				PROVISIONING_PROFILE_SPECIFIER = "";
				TARGETED_DEVICE_FAMILY = "1,2";
			};
			name = Release;
		};
		A5C8C291210AC36700A6CA18 /* Debug */ = {
			isa = XCBuildConfiguration;
			buildSettings = {
				BUNDLE_LOADER = "$(TEST_HOST)";
				CODE_SIGN_STYLE = Automatic;
				DEVELOPMENT_TEAM = 3P5GL3H9R8;
				INFOPLIST_FILE = SconSampleTests/Info.plist;
				LD_RUNPATH_SEARCH_PATHS = (
					"$(inherited)",
					"@executable_path/Frameworks",
					"@loader_path/Frameworks",
				);
				PRODUCT_BUNDLE_IDENTIFIER = aaron.ge.SconSampleTests;
				PRODUCT_NAME = "$(TARGET_NAME)";
				TARGETED_DEVICE_FAMILY = "1,2";
				TEST_HOST = "$(BUILT_PRODUCTS_DIR)/SconSample.app/SconSample";
			};
			name = Debug;
		};
		A5C8C292210AC36700A6CA18 /* Release */ = {
			isa = XCBuildConfiguration;
			buildSettings = {
				BUNDLE_LOADER = "$(TEST_HOST)";
				CODE_SIGN_STYLE = Automatic;
				DEVELOPMENT_TEAM = 3P5GL3H9R8;
				INFOPLIST_FILE = SconSampleTests/Info.plist;
				LD_RUNPATH_SEARCH_PATHS = (
					"$(inherited)",
					"@executable_path/Frameworks",
					"@loader_path/Frameworks",
				);
				PRODUCT_BUNDLE_IDENTIFIER = aaron.ge.SconSampleTests;
				PRODUCT_NAME = "$(TARGET_NAME)";
				TARGETED_DEVICE_FAMILY = "1,2";
				TEST_HOST = "$(BUILT_PRODUCTS_DIR)/SconSample.app/SconSample";
			};
			name = Release;
		};
		A5C8C294210AC36700A6CA18 /* Debug */ = {
			isa = XCBuildConfiguration;
			buildSettings = {
				CODE_SIGN_STYLE = Automatic;
				DEVELOPMENT_TEAM = 3P5GL3H9R8;
				INFOPLIST_FILE = SconSampleUITests/Info.plist;
				LD_RUNPATH_SEARCH_PATHS = (
					"$(inherited)",
					"@executable_path/Frameworks",
					"@loader_path/Frameworks",
				);
				PRODUCT_BUNDLE_IDENTIFIER = aaron.ge.SconSampleUITests;
				PRODUCT_NAME = "$(TARGET_NAME)";
				TARGETED_DEVICE_FAMILY = "1,2";
				TEST_TARGET_NAME = SconSample;
			};
			name = Debug;
		};
		A5C8C295210AC36700A6CA18 /* Release */ = {
			isa = XCBuildConfiguration;
			buildSettings = {
				CODE_SIGN_STYLE = Automatic;
				DEVELOPMENT_TEAM = 3P5GL3H9R8;
				INFOPLIST_FILE = SconSampleUITests/Info.plist;
				LD_RUNPATH_SEARCH_PATHS = (
					"$(inherited)",
					"@executable_path/Frameworks",
					"@loader_path/Frameworks",
				);
				PRODUCT_BUNDLE_IDENTIFIER = aaron.ge.SconSampleUITests;
				PRODUCT_NAME = "$(TARGET_NAME)";
				TARGETED_DEVICE_FAMILY = "1,2";
				TEST_TARGET_NAME = SconSample;
			};
			name = Release;
		};
/* End XCBuildConfiguration section */

/* Begin XCConfigurationList section */
		A5C8C25C210AC36600A6CA18 /* Build configuration list for PBXProject "SconSample" */ = {
			isa = XCConfigurationList;
			buildConfigurations = (
				A5C8C28B210AC36700A6CA18 /* Debug */,
				A5C8C28C210AC36700A6CA18 /* Release */,
			);
			defaultConfigurationIsVisible = 0;
			defaultConfigurationName = Release;
		};
		A5C8C28D210AC36700A6CA18 /* Build configuration list for PBXNativeTarget "SconSample" */ = {
			isa = XCConfigurationList;
			buildConfigurations = (
				A5C8C28E210AC36700A6CA18 /* Debug */,
				A5C8C28F210AC36700A6CA18 /* Release */,
			);
			defaultConfigurationIsVisible = 0;
			defaultConfigurationName = Release;
		};
		A5C8C290210AC36700A6CA18 /* Build configuration list for PBXNativeTarget "SconSampleTests" */ = {
			isa = XCConfigurationList;
			buildConfigurations = (
				A5C8C291210AC36700A6CA18 /* Debug */,
				A5C8C292210AC36700A6CA18 /* Release */,
			);
			defaultConfigurationIsVisible = 0;
			defaultConfigurationName = Release;
		};
		A5C8C293210AC36700A6CA18 /* Build configuration list for PBXNativeTarget "SconSampleUITests" */ = {
			isa = XCConfigurationList;
			buildConfigurations = (
				A5C8C294210AC36700A6CA18 /* Debug */,
				A5C8C295210AC36700A6CA18 /* Release */,
			);
			defaultConfigurationIsVisible = 0;
			defaultConfigurationName = Release;
		};
/* End XCConfigurationList section */
	};
	rootObject = A5C8C259210AC36600A6CA18 /* Project object */;
}
