// !$*UTF8*$!
{
	archiveVersion = 1;
	classes = {
	};
	objectVersion = 50;
	objects = {

/* Begin PBXBuildFile section */
		A50C8077212D724000144082 /* SconKit.h in Headers */ = {isa = PBXBuildFile; fileRef = A50C8069212D724000144082 /* SconKit.h */; };
		A50C8078212D724000144082 /* SCLogPlugin.h in Headers */ = {isa = PBXBuildFile; fileRef = A50C806C212D724000144082 /* SCLogPlugin.h */; };
		A50C8079212D724000144082 /* SCLogPlugin.m in Sources */ = {isa = PBXBuildFile; fileRef = A50C806D212D724000144082 /* SCLogPlugin.m */; };
		A50C807A212D724000144082 /* SCLSocketConnection.h in Headers */ = {isa = PBXBuildFile; fileRef = A50C806F212D724000144082 /* SCLSocketConnection.h */; };
		A50C807B212D724000144082 /* SCSocketConfig.h in Headers */ = {isa = PBXBuildFile; fileRef = A50C8070212D724000144082 /* SCSocketConfig.h */; };
		A50C807C212D724000144082 /* SCSocket.m in Sources */ = {isa = PBXBuildFile; fileRef = A50C8071212D724000144082 /* SCSocket.m */; };
		A50C807D212D724000144082 /* SCServerInfo.m in Sources */ = {isa = PBXBuildFile; fileRef = A50C8072212D724000144082 /* SCServerInfo.m */; };
		A50C807E212D724000144082 /* SCLSocketConnection.m in Sources */ = {isa = PBXBuildFile; fileRef = A50C8073212D724000144082 /* SCLSocketConnection.m */; };
		A50C807F212D724000144082 /* SCSocket.h in Headers */ = {isa = PBXBuildFile; fileRef = A50C8074212D724000144082 /* SCSocket.h */; };
		A50C8080212D724000144082 /* SCServerInfo.h in Headers */ = {isa = PBXBuildFile; fileRef = A50C8075212D724000144082 /* SCServerInfo.h */; };
		A50C8081212D724000144082 /* Info.plist in Resources */ = {isa = PBXBuildFile; fileRef = A50C8076212D724000144082 /* Info.plist */; };
		A5998D0A212C3B91001F4427 /* SconKit.framework in Frameworks */ = {isa = PBXBuildFile; fileRef = A5998D00212C3B91001F4427 /* SconKit.framework */; };
		A5998D0F212C3B91001F4427 /* SconKitTests.m in Sources */ = {isa = PBXBuildFile; fileRef = A5998D0E212C3B91001F4427 /* SconKitTests.m */; };
		A5BBEB71212D9451008FFC7C /* Scon_GCDAsyncSocket.h in Headers */ = {isa = PBXBuildFile; fileRef = A5BBEB6F212D9451008FFC7C /* Scon_GCDAsyncSocket.h */; };
		A5BBEB72212D9451008FFC7C /* Scon_GCDAsyncSocket.m in Sources */ = {isa = PBXBuildFile; fileRef = A5BBEB70212D9451008FFC7C /* Scon_GCDAsyncSocket.m */; };
/* End PBXBuildFile section */

/* Begin PBXContainerItemProxy section */
		A5998D0B212C3B91001F4427 /* PBXContainerItemProxy */ = {
			isa = PBXContainerItemProxy;
			containerPortal = A5998CF7212C3B91001F4427 /* Project object */;
			proxyType = 1;
			remoteGlobalIDString = A5998CFF212C3B91001F4427;
			remoteInfo = SconKit;
		};
/* End PBXContainerItemProxy section */

/* Begin PBXFileReference section */
		A50C8069212D724000144082 /* SconKit.h */ = {isa = PBXFileReference; fileEncoding = 4; lastKnownFileType = sourcecode.c.h; path = SconKit.h; sourceTree = "<group>"; };
		A50C806C212D724000144082 /* SCLogPlugin.h */ = {isa = PBXFileReference; fileEncoding = 4; lastKnownFileType = sourcecode.c.h; path = SCLogPlugin.h; sourceTree = "<group>"; };
		A50C806D212D724000144082 /* SCLogPlugin.m */ = {isa = PBXFileReference; fileEncoding = 4; lastKnownFileType = sourcecode.c.objc; path = SCLogPlugin.m; sourceTree = "<group>"; };
		A50C806F212D724000144082 /* SCLSocketConnection.h */ = {isa = PBXFileReference; fileEncoding = 4; lastKnownFileType = sourcecode.c.h; path = SCLSocketConnection.h; sourceTree = "<group>"; };
		A50C8070212D724000144082 /* SCSocketConfig.h */ = {isa = PBXFileReference; fileEncoding = 4; lastKnownFileType = sourcecode.c.h; path = SCSocketConfig.h; sourceTree = "<group>"; };
		A50C8071212D724000144082 /* SCSocket.m */ = {isa = PBXFileReference; fileEncoding = 4; lastKnownFileType = sourcecode.c.objc; path = SCSocket.m; sourceTree = "<group>"; };
		A50C8072212D724000144082 /* SCServerInfo.m */ = {isa = PBXFileReference; fileEncoding = 4; lastKnownFileType = sourcecode.c.objc; path = SCServerInfo.m; sourceTree = "<group>"; };
		A50C8073212D724000144082 /* SCLSocketConnection.m */ = {isa = PBXFileReference; fileEncoding = 4; lastKnownFileType = sourcecode.c.objc; path = SCLSocketConnection.m; sourceTree = "<group>"; };
		A50C8074212D724000144082 /* SCSocket.h */ = {isa = PBXFileReference; fileEncoding = 4; lastKnownFileType = sourcecode.c.h; path = SCSocket.h; sourceTree = "<group>"; };
		A50C8075212D724000144082 /* SCServerInfo.h */ = {isa = PBXFileReference; fileEncoding = 4; lastKnownFileType = sourcecode.c.h; path = SCServerInfo.h; sourceTree = "<group>"; };
		A50C8076212D724000144082 /* Info.plist */ = {isa = PBXFileReference; fileEncoding = 4; lastKnownFileType = text.plist.xml; path = Info.plist; sourceTree = "<group>"; };
		A5998D00212C3B91001F4427 /* SconKit.framework */ = {isa = PBXFileReference; explicitFileType = wrapper.framework; includeInIndex = 0; path = SconKit.framework; sourceTree = BUILT_PRODUCTS_DIR; };
		A5998D09212C3B91001F4427 /* SconKitTests.xctest */ = {isa = PBXFileReference; explicitFileType = wrapper.cfbundle; includeInIndex = 0; path = SconKitTests.xctest; sourceTree = BUILT_PRODUCTS_DIR; };
		A5998D0E212C3B91001F4427 /* SconKitTests.m */ = {isa = PBXFileReference; lastKnownFileType = sourcecode.c.objc; path = SconKitTests.m; sourceTree = "<group>"; };
		A5998D10212C3B91001F4427 /* Info.plist */ = {isa = PBXFileReference; lastKnownFileType = text.plist.xml; path = Info.plist; sourceTree = "<group>"; };
		A5998D45212C412D001F4427 /* SconKit.xcodeproj */ = {isa = PBXFileReference; lastKnownFileType = "wrapper.pb-project"; path = SconKit.xcodeproj; sourceTree = "<group>"; };
		A5BBEB6F212D9451008FFC7C /* Scon_GCDAsyncSocket.h */ = {isa = PBXFileReference; fileEncoding = 4; lastKnownFileType = sourcecode.c.h; path = Scon_GCDAsyncSocket.h; sourceTree = "<group>"; };
		A5BBEB70212D9451008FFC7C /* Scon_GCDAsyncSocket.m */ = {isa = PBXFileReference; fileEncoding = 4; lastKnownFileType = sourcecode.c.objc; path = Scon_GCDAsyncSocket.m; sourceTree = "<group>"; };
/* End PBXFileReference section */

/* Begin PBXFrameworksBuildPhase section */
		A5998CFC212C3B91001F4427 /* Frameworks */ = {
			isa = PBXFrameworksBuildPhase;
			buildActionMask = 2147483647;
			files = (
			);
			runOnlyForDeploymentPostprocessing = 0;
		};
		A5998D06212C3B91001F4427 /* Frameworks */ = {
			isa = PBXFrameworksBuildPhase;
			buildActionMask = 2147483647;
			files = (
				A5998D0A212C3B91001F4427 /* SconKit.framework in Frameworks */,
			);
			runOnlyForDeploymentPostprocessing = 0;
		};
/* End PBXFrameworksBuildPhase section */

/* Begin PBXGroup section */
		A50C8068212D724000144082 /* Src */ = {
			isa = PBXGroup;
			children = (
				A50C8069212D724000144082 /* SconKit.h */,
				A50C806A212D724000144082 /* Plugin */,
				A50C806E212D724000144082 /* Bonjour */,
				A50C8076212D724000144082 /* Info.plist */,
			);
			path = Src;
			sourceTree = "<group>";
		};
		A50C806A212D724000144082 /* Plugin */ = {
			isa = PBXGroup;
			children = (
				A50C806B212D724000144082 /* Log */,
			);
			path = Plugin;
			sourceTree = "<group>";
		};
		A50C806B212D724000144082 /* Log */ = {
			isa = PBXGroup;
			children = (
				A50C806C212D724000144082 /* SCLogPlugin.h */,
				A50C806D212D724000144082 /* SCLogPlugin.m */,
			);
			path = Log;
			sourceTree = "<group>";
		};
		A50C806E212D724000144082 /* Bonjour */ = {
			isa = PBXGroup;
			children = (
				A5BBEB6F212D9451008FFC7C /* Scon_GCDAsyncSocket.h */,
				A5BBEB70212D9451008FFC7C /* Scon_GCDAsyncSocket.m */,
				A50C806F212D724000144082 /* SCLSocketConnection.h */,
				A50C8070212D724000144082 /* SCSocketConfig.h */,
				A50C8071212D724000144082 /* SCSocket.m */,
				A50C8072212D724000144082 /* SCServerInfo.m */,
				A50C8073212D724000144082 /* SCLSocketConnection.m */,
				A50C8074212D724000144082 /* SCSocket.h */,
				A50C8075212D724000144082 /* SCServerInfo.h */,
			);
			path = Bonjour;
			sourceTree = "<group>";
		};
		A5998CF6212C3B91001F4427 = {
			isa = PBXGroup;
			children = (
				A50C8068212D724000144082 /* Src */,
				A5998D0D212C3B91001F4427 /* SconKitTests */,
				A5998D01212C3B91001F4427 /* Products */,
				A5998D44212C412C001F4427 /* Frameworks */,
			);
			sourceTree = "<group>";
		};
		A5998D01212C3B91001F4427 /* Products */ = {
			isa = PBXGroup;
			children = (
				A5998D00212C3B91001F4427 /* SconKit.framework */,
				A5998D09212C3B91001F4427 /* SconKitTests.xctest */,
			);
			name = Products;
			sourceTree = "<group>";
		};
		A5998D0D212C3B91001F4427 /* SconKitTests */ = {
			isa = PBXGroup;
			children = (
				A5998D0E212C3B91001F4427 /* SconKitTests.m */,
				A5998D10212C3B91001F4427 /* Info.plist */,
			);
			path = SconKitTests;
			sourceTree = "<group>";
		};
		A5998D44212C412C001F4427 /* Frameworks */ = {
			isa = PBXGroup;
			children = (
				A5998D45212C412D001F4427 /* SconKit.xcodeproj */,
			);
			name = Frameworks;
			sourceTree = "<group>";
		};
		A5998D46212C412D001F4427 /* Products */ = {
			isa = PBXGroup;
			name = Products;
			sourceTree = "<group>";
		};
/* End PBXGroup section */

/* Begin PBXHeadersBuildPhase section */
		A5998CFD212C3B91001F4427 /* Headers */ = {
			isa = PBXHeadersBuildPhase;
			buildActionMask = 2147483647;
			files = (
				A50C807F212D724000144082 /* SCSocket.h in Headers */,
				A50C8078212D724000144082 /* SCLogPlugin.h in Headers */,
				A50C807A212D724000144082 /* SCLSocketConnection.h in Headers */,
				A50C8077212D724000144082 /* SconKit.h in Headers */,
				A5BBEB71212D9451008FFC7C /* Scon_GCDAsyncSocket.h in Headers */,
				A50C807B212D724000144082 /* SCSocketConfig.h in Headers */,
				A50C8080212D724000144082 /* SCServerInfo.h in Headers */,
			);
			runOnlyForDeploymentPostprocessing = 0;
		};
/* End PBXHeadersBuildPhase section */

/* Begin PBXNativeTarget section */
		A5998CFF212C3B91001F4427 /* SconKit */ = {
			isa = PBXNativeTarget;
			buildConfigurationList = A5998D14212C3B91001F4427 /* Build configuration list for PBXNativeTarget "SconKit" */;
			buildPhases = (
				A5998CFB212C3B91001F4427 /* Sources */,
				A5998CFC212C3B91001F4427 /* Frameworks */,
				A5998CFD212C3B91001F4427 /* Headers */,
				A5998CFE212C3B91001F4427 /* Resources */,
			);
			buildRules = (
			);
			dependencies = (
			);
			name = SconKit;
			productName = SconKit;
			productReference = A5998D00212C3B91001F4427 /* SconKit.framework */;
			productType = "com.apple.product-type.framework";
		};
		A5998D08212C3B91001F4427 /* SconKitTests */ = {
			isa = PBXNativeTarget;
			buildConfigurationList = A5998D17212C3B91001F4427 /* Build configuration list for PBXNativeTarget "SconKitTests" */;
			buildPhases = (
				A5998D05212C3B91001F4427 /* Sources */,
				A5998D06212C3B91001F4427 /* Frameworks */,
				A5998D07212C3B91001F4427 /* Resources */,
			);
			buildRules = (
			);
			dependencies = (
				A5998D0C212C3B91001F4427 /* PBXTargetDependency */,
			);
			name = SconKitTests;
			productName = SconKitTests;
			productReference = A5998D09212C3B91001F4427 /* SconKitTests.xctest */;
			productType = "com.apple.product-type.bundle.unit-test";
		};
/* End PBXNativeTarget section */

/* Begin PBXProject section */
		A5998CF7212C3B91001F4427 /* Project object */ = {
			isa = PBXProject;
			attributes = {
				LastUpgradeCheck = 0940;
				ORGANIZATIONNAME = gezhixin;
				TargetAttributes = {
					A5998CFF212C3B91001F4427 = {
						CreatedOnToolsVersion = 9.4.1;
					};
					A5998D08212C3B91001F4427 = {
						CreatedOnToolsVersion = 9.4.1;
					};
				};
			};
			buildConfigurationList = A5998CFA212C3B91001F4427 /* Build configuration list for PBXProject "SconKit" */;
			compatibilityVersion = "Xcode 9.3";
			developmentRegion = en;
			hasScannedForEncodings = 0;
			knownRegions = (
				en,
			);
			mainGroup = A5998CF6212C3B91001F4427;
			productRefGroup = A5998D01212C3B91001F4427 /* Products */;
			projectDirPath = "";
			projectReferences = (
				{
					ProductGroup = A5998D46212C412D001F4427 /* Products */;
					ProjectRef = A5998D45212C412D001F4427 /* SconKit.xcodeproj */;
				},
			);
			projectRoot = "";
			targets = (
				A5998CFF212C3B91001F4427 /* SconKit */,
				A5998D08212C3B91001F4427 /* SconKitTests */,
			);
		};
/* End PBXProject section */

/* Begin PBXResourcesBuildPhase section */
		A5998CFE212C3B91001F4427 /* Resources */ = {
			isa = PBXResourcesBuildPhase;
			buildActionMask = 2147483647;
			files = (
				A50C8081212D724000144082 /* Info.plist in Resources */,
			);
			runOnlyForDeploymentPostprocessing = 0;
		};
		A5998D07212C3B91001F4427 /* Resources */ = {
			isa = PBXResourcesBuildPhase;
			buildActionMask = 2147483647;
			files = (
			);
			runOnlyForDeploymentPostprocessing = 0;
		};
/* End PBXResourcesBuildPhase section */

/* Begin PBXSourcesBuildPhase section */
		A5998CFB212C3B91001F4427 /* Sources */ = {
			isa = PBXSourcesBuildPhase;
			buildActionMask = 2147483647;
			files = (
				A50C807D212D724000144082 /* SCServerInfo.m in Sources */,
				A5BBEB72212D9451008FFC7C /* Scon_GCDAsyncSocket.m in Sources */,
				A50C807C212D724000144082 /* SCSocket.m in Sources */,
				A50C8079212D724000144082 /* SCLogPlugin.m in Sources */,
				A50C807E212D724000144082 /* SCLSocketConnection.m in Sources */,
			);
			runOnlyForDeploymentPostprocessing = 0;
		};
		A5998D05212C3B91001F4427 /* Sources */ = {
			isa = PBXSourcesBuildPhase;
			buildActionMask = 2147483647;
			files = (
				A5998D0F212C3B91001F4427 /* SconKitTests.m in Sources */,
			);
			runOnlyForDeploymentPostprocessing = 0;
		};
/* End PBXSourcesBuildPhase section */

/* Begin PBXTargetDependency section */
		A5998D0C212C3B91001F4427 /* PBXTargetDependency */ = {
			isa = PBXTargetDependency;
			target = A5998CFF212C3B91001F4427 /* SconKit */;
			targetProxy = A5998D0B212C3B91001F4427 /* PBXContainerItemProxy */;
		};
/* End PBXTargetDependency section */

/* Begin XCBuildConfiguration section */
		A5998D12212C3B91001F4427 /* Debug */ = {
			isa = XCBuildConfiguration;
			buildSettings = {
				ALWAYS_SEARCH_USER_PATHS = NO;
				CLANG_ANALYZER_NONNULL = YES;
				CLANG_ANALYZER_NUMBER_OBJECT_CONVERSION = YES_AGGRESSIVE;
				CLANG_CXX_LANGUAGE_STANDARD = "gnu++14";
				CLANG_CXX_LIBRARY = "libc++";
				CLANG_ENABLE_MODULES = YES;
				CLANG_ENABLE_OBJC_ARC = YES;
				CLANG_ENABLE_OBJC_WEAK = YES;
				CLANG_WARN_BLOCK_CAPTURE_AUTORELEASING = YES;
				CLANG_WARN_BOOL_CONVERSION = YES;
				CLANG_WARN_COMMA = YES;
				CLANG_WARN_CONSTANT_CONVERSION = YES;
				CLANG_WARN_DEPRECATED_OBJC_IMPLEMENTATIONS = YES;
				CLANG_WARN_DIRECT_OBJC_ISA_USAGE = YES_ERROR;
				CLANG_WARN_DOCUMENTATION_COMMENTS = YES;
				CLANG_WARN_EMPTY_BODY = YES;
				CLANG_WARN_ENUM_CONVERSION = YES;
				CLANG_WARN_INFINITE_RECURSION = YES;
				CLANG_WARN_INT_CONVERSION = YES;
				CLANG_WARN_NON_LITERAL_NULL_CONVERSION = YES;
				CLANG_WARN_OBJC_IMPLICIT_RETAIN_SELF = YES;
				CLANG_WARN_OBJC_LITERAL_CONVERSION = YES;
				CLANG_WARN_OBJC_ROOT_CLASS = YES_ERROR;
				CLANG_WARN_RANGE_LOOP_ANALYSIS = YES;
				CLANG_WARN_STRICT_PROTOTYPES = YES;
				CLANG_WARN_SUSPICIOUS_MOVE = YES;
				CLANG_WARN_UNGUARDED_AVAILABILITY = YES_AGGRESSIVE;
				CLANG_WARN_UNREACHABLE_CODE = YES;
				CLANG_WARN__DUPLICATE_METHOD_MATCH = YES;
				CODE_SIGN_IDENTITY = "iPhone Developer";
				COPY_PHASE_STRIP = NO;
				CURRENT_PROJECT_VERSION = 1;
				DEBUG_INFORMATION_FORMAT = dwarf;
				ENABLE_STRICT_OBJC_MSGSEND = YES;
				ENABLE_TESTABILITY = YES;
				GCC_C_LANGUAGE_STANDARD = gnu11;
				GCC_DYNAMIC_NO_PIC = NO;
				GCC_NO_COMMON_BLOCKS = YES;
				GCC_OPTIMIZATION_LEVEL = 0;
				GCC_PREPROCESSOR_DEFINITIONS = (
					"DEBUG=1",
					"$(inherited)",
				);
				GCC_WARN_64_TO_32_BIT_CONVERSION = YES;
				GCC_WARN_ABOUT_RETURN_TYPE = YES_ERROR;
				GCC_WARN_UNDECLARED_SELECTOR = YES;
				GCC_WARN_UNINITIALIZED_AUTOS = YES_AGGRESSIVE;
				GCC_WARN_UNUSED_FUNCTION = YES;
				GCC_WARN_UNUSED_VARIABLE = YES;
				IPHONEOS_DEPLOYMENT_TARGET = 11.4;
				MTL_ENABLE_DEBUG_INFO = YES;
				ONLY_ACTIVE_ARCH = YES;
				SDKROOT = iphoneos;
				VERSIONING_SYSTEM = "apple-generic";
				VERSION_INFO_PREFIX = "";
			};
			name = Debug;
		};
		A5998D13212C3B91001F4427 /* Release */ = {
			isa = XCBuildConfiguration;
			buildSettings = {
				ALWAYS_SEARCH_USER_PATHS = NO;
				CLANG_ANALYZER_NONNULL = YES;
				CLANG_ANALYZER_NUMBER_OBJECT_CONVERSION = YES_AGGRESSIVE;
				CLANG_CXX_LANGUAGE_STANDARD = "gnu++14";
				CLANG_CXX_LIBRARY = "libc++";
				CLANG_ENABLE_MODULES = YES;
				CLANG_ENABLE_OBJC_ARC = YES;
				CLANG_ENABLE_OBJC_WEAK = YES;
				CLANG_WARN_BLOCK_CAPTURE_AUTORELEASING = YES;
				CLANG_WARN_BOOL_CONVERSION = YES;
				CLANG_WARN_COMMA = YES;
				CLANG_WARN_CONSTANT_CONVERSION = YES;
				CLANG_WARN_DEPRECATED_OBJC_IMPLEMENTATIONS = YES;
				CLANG_WARN_DIRECT_OBJC_ISA_USAGE = YES_ERROR;
				CLANG_WARN_DOCUMENTATION_COMMENTS = YES;
				CLANG_WARN_EMPTY_BODY = YES;
				CLANG_WARN_ENUM_CONVERSION = YES;
				CLANG_WARN_INFINITE_RECURSION = YES;
				CLANG_WARN_INT_CONVERSION = YES;
				CLANG_WARN_NON_LITERAL_NULL_CONVERSION = YES;
				CLANG_WARN_OBJC_IMPLICIT_RETAIN_SELF = YES;
				CLANG_WARN_OBJC_LITERAL_CONVERSION = YES;
				CLANG_WARN_OBJC_ROOT_CLASS = YES_ERROR;
				CLANG_WARN_RANGE_LOOP_ANALYSIS = YES;
				CLANG_WARN_STRICT_PROTOTYPES = YES;
				CLANG_WARN_SUSPICIOUS_MOVE = YES;
				CLANG_WARN_UNGUARDED_AVAILABILITY = YES_AGGRESSIVE;
				CLANG_WARN_UNREACHABLE_CODE = YES;
				CLANG_WARN__DUPLICATE_METHOD_MATCH = YES;
				CODE_SIGN_IDENTITY = "iPhone Developer";
				COPY_PHASE_STRIP = NO;
				CURRENT_PROJECT_VERSION = 1;
				DEBUG_INFORMATION_FORMAT = "dwarf-with-dsym";
				ENABLE_NS_ASSERTIONS = NO;
				ENABLE_STRICT_OBJC_MSGSEND = YES;
				GCC_C_LANGUAGE_STANDARD = gnu11;
				GCC_NO_COMMON_BLOCKS = YES;
				GCC_WARN_64_TO_32_BIT_CONVERSION = YES;
				GCC_WARN_ABOUT_RETURN_TYPE = YES_ERROR;
				GCC_WARN_UNDECLARED_SELECTOR = YES;
				GCC_WARN_UNINITIALIZED_AUTOS = YES_AGGRESSIVE;
				GCC_WARN_UNUSED_FUNCTION = YES;
				GCC_WARN_UNUSED_VARIABLE = YES;
				IPHONEOS_DEPLOYMENT_TARGET = 11.4;
				MTL_ENABLE_DEBUG_INFO = NO;
				SDKROOT = iphoneos;
				VALIDATE_PRODUCT = YES;
				VERSIONING_SYSTEM = "apple-generic";
				VERSION_INFO_PREFIX = "";
			};
			name = Release;
		};
		A5998D15212C3B91001F4427 /* Debug */ = {
			isa = XCBuildConfiguration;
			buildSettings = {
				CODE_SIGN_IDENTITY = "";
				CODE_SIGN_STYLE = Automatic;
				DEFINES_MODULE = YES;
				DEVELOPMENT_TEAM = 3P5GL3H9R8;
				DYLIB_COMPATIBILITY_VERSION = 1;
				DYLIB_CURRENT_VERSION = 1;
				DYLIB_INSTALL_NAME_BASE = "@rpath";
				ENABLE_BITCODE = NO;
				INFOPLIST_FILE = Src/Info.plist;
				INSTALL_PATH = "$(LOCAL_LIBRARY_DIR)/Frameworks";
				LD_RUNPATH_SEARCH_PATHS = (
					"$(inherited)",
					"@executable_path/Frameworks",
					"@loader_path/Frameworks",
				);
				PRODUCT_BUNDLE_IDENTIFIER = aaron.ge.SconKit;
				PRODUCT_NAME = "$(TARGET_NAME:c99extidentifier)";
				SKIP_INSTALL = YES;
				TARGETED_DEVICE_FAMILY = "1,2";
			};
			name = Debug;
		};
		A5998D16212C3B91001F4427 /* Release */ = {
			isa = XCBuildConfiguration;
			buildSettings = {
				CODE_SIGN_IDENTITY = "";
				CODE_SIGN_STYLE = Automatic;
				DEFINES_MODULE = YES;
				DEVELOPMENT_TEAM = 3P5GL3H9R8;
				DYLIB_COMPATIBILITY_VERSION = 1;
				DYLIB_CURRENT_VERSION = 1;
				DYLIB_INSTALL_NAME_BASE = "@rpath";
				ENABLE_BITCODE = NO;
				INFOPLIST_FILE = Src/Info.plist;
				INSTALL_PATH = "$(LOCAL_LIBRARY_DIR)/Frameworks";
				LD_RUNPATH_SEARCH_PATHS = (
					"$(inherited)",
					"@executable_path/Frameworks",
					"@loader_path/Frameworks",
				);
				PRODUCT_BUNDLE_IDENTIFIER = aaron.ge.SconKit;
				PRODUCT_NAME = "$(TARGET_NAME:c99extidentifier)";
				SKIP_INSTALL = YES;
				TARGETED_DEVICE_FAMILY = "1,2";
			};
			name = Release;
		};
		A5998D18212C3B91001F4427 /* Debug */ = {
			isa = XCBuildConfiguration;
			buildSettings = {
				CODE_SIGN_STYLE = Automatic;
				DEVELOPMENT_TEAM = 3P5GL3H9R8;
				INFOPLIST_FILE = SconKitTests/Info.plist;
				LD_RUNPATH_SEARCH_PATHS = (
					"$(inherited)",
					"@executable_path/Frameworks",
					"@loader_path/Frameworks",
				);
				PRODUCT_BUNDLE_IDENTIFIER = aaron.ge.SconKitTests;
				PRODUCT_NAME = "$(TARGET_NAME)";
				TARGETED_DEVICE_FAMILY = "1,2";
			};
			name = Debug;
		};
		A5998D19212C3B91001F4427 /* Release */ = {
			isa = XCBuildConfiguration;
			buildSettings = {
				CODE_SIGN_STYLE = Automatic;
				DEVELOPMENT_TEAM = 3P5GL3H9R8;
				INFOPLIST_FILE = SconKitTests/Info.plist;
				LD_RUNPATH_SEARCH_PATHS = (
					"$(inherited)",
					"@executable_path/Frameworks",
					"@loader_path/Frameworks",
				);
				PRODUCT_BUNDLE_IDENTIFIER = aaron.ge.SconKitTests;
				PRODUCT_NAME = "$(TARGET_NAME)";
				TARGETED_DEVICE_FAMILY = "1,2";
			};
			name = Release;
		};
/* End XCBuildConfiguration section */

/* Begin XCConfigurationList section */
		A5998CFA212C3B91001F4427 /* Build configuration list for PBXProject "SconKit" */ = {
			isa = XCConfigurationList;
			buildConfigurations = (
				A5998D12212C3B91001F4427 /* Debug */,
				A5998D13212C3B91001F4427 /* Release */,
			);
			defaultConfigurationIsVisible = 0;
			defaultConfigurationName = Release;
		};
		A5998D14212C3B91001F4427 /* Build configuration list for PBXNativeTarget "SconKit" */ = {
			isa = XCConfigurationList;
			buildConfigurations = (
				A5998D15212C3B91001F4427 /* Debug */,
				A5998D16212C3B91001F4427 /* Release */,
			);
			defaultConfigurationIsVisible = 0;
			defaultConfigurationName = Release;
		};
		A5998D17212C3B91001F4427 /* Build configuration list for PBXNativeTarget "SconKitTests" */ = {
			isa = XCConfigurationList;
			buildConfigurations = (
				A5998D18212C3B91001F4427 /* Debug */,
				A5998D19212C3B91001F4427 /* Release */,
			);
			defaultConfigurationIsVisible = 0;
			defaultConfigurationName = Release;
		};
/* End XCConfigurationList section */
	};
	rootObject = A5998CF7212C3B91001F4427 /* Project object */;
}
